
Microsoft Visual Studio Solution File, Format Version 12.00
# Visual Studio Version 17
VisualStudioVersion = 17.13.35825.156
MinimumVisualStudioVersion = 10.0.40219.1
Project("{FAE04EC0-301F-11D3-BF4B-00C04F79EFBC}") = "API_TFCAppDavid", "ARScaffoldingTFCAppDavid\API_TFCAppDavid.csproj", "{A2C14096-DC8D-4491-96E4-D94B6B4E5382}"
EndProject
Global
	GlobalSection(SolutionConfigurationPlatforms) = preSolution
		Debug|Any CPU = Debug|Any CPU
		Release|Any CPU = Release|Any CPU
	EndGlobalSection
	GlobalSection(ProjectConfigurationPlatforms) = postSolution
		{A2C14096-DC8D-4491-96E4-D94B6B4E5382}.Debug|Any CPU.ActiveCfg = Debug|Any CPU
		{A2C14096-DC8D-4491-96E4-D94B6B4E5382}.Debug|Any CPU.Build.0 = Debug|Any CPU
		{A2C14096-DC8D-4491-96E4-D94B6B4E5382}.Release|Any CPU.ActiveCfg = Release|Any CPU
		{A2C14096-DC8D-4491-96E4-D94B6B4E5382}.Release|Any CPU.Build.0 = Release|Any CPU
	EndGlobalSection
	GlobalSection(SolutionProperties) = preSolution
		HideSolutionNode = FALSE
	EndGlobalSection
	GlobalSection(ExtensibilityGlobals) = postSolution
		SolutionGuid = {2D07BE14-1C4B-4A83-B138-B905C9375F5F}
	EndGlobalSection
EndGlobal
